
Microsoft Visual Studio Solution File, Format Version 12.00
# Visual Studio Version 16
VisualStudioVersion = 16.0.31129.286
MinimumVisualStudioVersion = 10.0.40219.1
Project("{FAE04EC0-301F-11D3-BF4B-00C04F79EFBC}") = "1-PrimeiroPrograma", "1-PrimeiroPrograma\1-PrimeiroPrograma.csproj", "{5A53A80C-241B-4A45-BA91-F202C11F4906}"
EndProject
Project("{FAE04EC0-301F-11D3-BF4B-00C04F79EFBC}") = "2-CriandoVariaveis", "2-CriandoVariaveis\2-CriandoVariaveis.csproj", "{76531394-4500-4B79-8874-E71A4A1D4AA5}"
EndProject
Project("{FAE04EC0-301F-11D3-BF4B-00C04F79EFBC}") = "3-CriandoVariaveisPontoFlutuante", "3-CriandoVariaveisPontoFlutuante\3-CriandoVariaveisPontoFlutuante.csproj", "{CEB864F4-E74C-4F0B-916D-27B239ADC039}"
EndProject
Project("{FAE04EC0-301F-11D3-BF4B-00C04F79EFBC}") = "4-ConversoesEOutrosTiposNumericos", "4-ConversoesEOutrosTiposNumericos\4-ConversoesEOutrosTiposNumericos.csproj", "{B159E7FA-F76D-4874-9124-F19B587D1BB8}"
EndProject
Project("{FAE04EC0-301F-11D3-BF4B-00C04F79EFBC}") = "5-CaracteresETextos", "5-CaracteresETextos\5-CaracteresETextos.csproj", "{C290F37E-BFBC-4C9B-9584-B16C22866B49}"
EndProject
Project("{FAE04EC0-301F-11D3-BF4B-00C04F79EFBC}") = "6-AtribuicoesDeVariaveis", "6-AtribuicoesDeVariaveis\6-AtribuicoesDeVariaveis.csproj", "{63E0081C-C73D-4F61-BBCA-5F26A1603F6F}"
EndProject
Project("{FAE04EC0-301F-11D3-BF4B-00C04F79EFBC}") = "7-Condicionais", "7-Condicionais\7-Condicionais.csproj", "{2C71CFBD-884F-49E9-9194-17EB766168B2}"
EndProject
Project("{FAE04EC0-301F-11D3-BF4B-00C04F79EFBC}") = "8-Condicioanis2", "8-Condicioanis2\8-Condicioanis2.csproj", "{10442FF5-18B1-4EDE-A2EE-F6E59DFDD228}"
EndProject
Project("{FAE04EC0-301F-11D3-BF4B-00C04F79EFBC}") = "9-Escopo", "9-Escopo\9-Escopo.csproj", "{E3F0EEB8-7567-4EFD-86DB-7ED7B74AF00F}"
EndProject
Project("{FAE04EC0-301F-11D3-BF4B-00C04F79EFBC}") = "Exercicio", "Exercicio\Exercicio.csproj", "{9A944D40-EB46-447D-9E10-89DD8D3565F3}"
EndProject
Project("{FAE04EC0-301F-11D3-BF4B-00C04F79EFBC}") = "Exercicio3", "Exercicio3\Exercicio3.csproj", "{CD1E29FF-2DC7-4461-9402-F668B6A3C39A}"
EndProject
Project("{FAE04EC0-301F-11D3-BF4B-00C04F79EFBC}") = "Exercicio2", "Exercicio2\Exercicio2.csproj", "{7AB45C4E-EA8E-421A-9D19-BF015DD19B53}"
EndProject
Project("{FAE04EC0-301F-11D3-BF4B-00C04F79EFBC}") = "A10-CalculaPoupanca_While", "10-CalculaPoupanca\A10-CalculaPoupanca_While.csproj", "{03A754B6-C33C-4881-B504-3B28FA4EDE4B}"
EndProject
Project("{FAE04EC0-301F-11D3-BF4B-00C04F79EFBC}") = "A11-CalculaPoupanca2_For", "11-CalculaPoupanca2\A11-CalculaPoupanca2_For.csproj", "{85F297F7-382F-4911-9301-4F25A80F4AF6}"
EndProject
Project("{FAE04EC0-301F-11D3-BF4B-00C04F79EFBC}") = "A12-CalculaInvestimentoLogoPrazo", "12-CalculaInvestimentoLogoPrazo\A12-CalculaInvestimentoLogoPrazo.csproj", "{FFE8A4D1-4D09-4C8C-B5CC-B59DA723736A}"
EndProject
Project("{FAE04EC0-301F-11D3-BF4B-00C04F79EFBC}") = "A13-ForEmCadedo", "13-ForEmCadedo\A13-ForEmCadedo.csproj", "{D2BDD7C1-BB11-4F54-978E-5E678E526DC2}"
EndProject
Project("{FAE04EC0-301F-11D3-BF4B-00C04F79EFBC}") = "Exercicio4", "Exercicio4\Exercicio4.csproj", "{13532EBF-A2C6-4403-8487-D7A54ECFE0C6}"
EndProject
Global
	GlobalSection(SolutionConfigurationPlatforms) = preSolution
		Debug|Any CPU = Debug|Any CPU
		Release|Any CPU = Release|Any CPU
	EndGlobalSection
	GlobalSection(ProjectConfigurationPlatforms) = postSolution
		{5A53A80C-241B-4A45-BA91-F202C11F4906}.Debug|Any CPU.ActiveCfg = Debug|Any CPU
		{5A53A80C-241B-4A45-BA91-F202C11F4906}.Debug|Any CPU.Build.0 = Debug|Any CPU
		{5A53A80C-241B-4A45-BA91-F202C11F4906}.Release|Any CPU.ActiveCfg = Release|Any CPU
		{5A53A80C-241B-4A45-BA91-F202C11F4906}.Release|Any CPU.Build.0 = Release|Any CPU
		{76531394-4500-4B79-8874-E71A4A1D4AA5}.Debug|Any CPU.ActiveCfg = Debug|Any CPU
		{76531394-4500-4B79-8874-E71A4A1D4AA5}.Debug|Any CPU.Build.0 = Debug|Any CPU
		{76531394-4500-4B79-8874-E71A4A1D4AA5}.Release|Any CPU.ActiveCfg = Release|Any CPU
		{76531394-4500-4B79-8874-E71A4A1D4AA5}.Release|Any CPU.Build.0 = Release|Any CPU
		{CEB864F4-E74C-4F0B-916D-27B239ADC039}.Debug|Any CPU.ActiveCfg = Debug|Any CPU
		{CEB864F4-E74C-4F0B-916D-27B239ADC039}.Debug|Any CPU.Build.0 = Debug|Any CPU
		{CEB864F4-E74C-4F0B-916D-27B239ADC039}.Release|Any CPU.ActiveCfg = Release|Any CPU
		{CEB864F4-E74C-4F0B-916D-27B239ADC039}.Release|Any CPU.Build.0 = Release|Any CPU
		{B159E7FA-F76D-4874-9124-F19B587D1BB8}.Debug|Any CPU.ActiveCfg = Debug|Any CPU
		{B159E7FA-F76D-4874-9124-F19B587D1BB8}.Debug|Any CPU.Build.0 = Debug|Any CPU
		{B159E7FA-F76D-4874-9124-F19B587D1BB8}.Release|Any CPU.ActiveCfg = Release|Any CPU
		{B159E7FA-F76D-4874-9124-F19B587D1BB8}.Release|Any CPU.Build.0 = Release|Any CPU
		{C290F37E-BFBC-4C9B-9584-B16C22866B49}.Debug|Any CPU.ActiveCfg = Debug|Any CPU
		{C290F37E-BFBC-4C9B-9584-B16C22866B49}.Debug|Any CPU.Build.0 = Debug|Any CPU
		{C290F37E-BFBC-4C9B-9584-B16C22866B49}.Release|Any CPU.ActiveCfg = Release|Any CPU
		{C290F37E-BFBC-4C9B-9584-B16C22866B49}.Release|Any CPU.Build.0 = Release|Any CPU
		{63E0081C-C73D-4F61-BBCA-5F26A1603F6F}.Debug|Any CPU.ActiveCfg = Debug|Any CPU
		{63E0081C-C73D-4F61-BBCA-5F26A1603F6F}.Debug|Any CPU.Build.0 = Debug|Any CPU
		{63E0081C-C73D-4F61-BBCA-5F26A1603F6F}.Release|Any CPU.ActiveCfg = Release|Any CPU
		{63E0081C-C73D-4F61-BBCA-5F26A1603F6F}.Release|Any CPU.Build.0 = Release|Any CPU
		{2C71CFBD-884F-49E9-9194-17EB766168B2}.Debug|Any CPU.ActiveCfg = Debug|Any CPU
		{2C71CFBD-884F-49E9-9194-17EB766168B2}.Debug|Any CPU.Build.0 = Debug|Any CPU
		{2C71CFBD-884F-49E9-9194-17EB766168B2}.Release|Any CPU.ActiveCfg = Release|Any CPU
		{2C71CFBD-884F-49E9-9194-17EB766168B2}.Release|Any CPU.Build.0 = Release|Any CPU
		{10442FF5-18B1-4EDE-A2EE-F6E59DFDD228}.Debug|Any CPU.ActiveCfg = Debug|Any CPU
		{10442FF5-18B1-4EDE-A2EE-F6E59DFDD228}.Debug|Any CPU.Build.0 = Debug|Any CPU
		{10442FF5-18B1-4EDE-A2EE-F6E59DFDD228}.Release|Any CPU.ActiveCfg = Release|Any CPU
		{10442FF5-18B1-4EDE-A2EE-F6E59DFDD228}.Release|Any CPU.Build.0 = Release|Any CPU
		{E3F0EEB8-7567-4EFD-86DB-7ED7B74AF00F}.Debug|Any CPU.ActiveCfg = Debug|Any CPU
		{E3F0EEB8-7567-4EFD-86DB-7ED7B74AF00F}.Debug|Any CPU.Build.0 = Debug|Any CPU
		{E3F0EEB8-7567-4EFD-86DB-7ED7B74AF00F}.Release|Any CPU.ActiveCfg = Release|Any CPU
		{E3F0EEB8-7567-4EFD-86DB-7ED7B74AF00F}.Release|Any CPU.Build.0 = Release|Any CPU
		{9A944D40-EB46-447D-9E10-89DD8D3565F3}.Debug|Any CPU.ActiveCfg = Debug|Any CPU
		{9A944D40-EB46-447D-9E10-89DD8D3565F3}.Debug|Any CPU.Build.0 = Debug|Any CPU
		{9A944D40-EB46-447D-9E10-89DD8D3565F3}.Release|Any CPU.ActiveCfg = Release|Any CPU
		{9A944D40-EB46-447D-9E10-89DD8D3565F3}.Release|Any CPU.Build.0 = Release|Any CPU
		{CD1E29FF-2DC7-4461-9402-F668B6A3C39A}.Debug|Any CPU.ActiveCfg = Debug|Any CPU
		{CD1E29FF-2DC7-4461-9402-F668B6A3C39A}.Debug|Any CPU.Build.0 = Debug|Any CPU
		{CD1E29FF-2DC7-4461-9402-F668B6A3C39A}.Release|Any CPU.ActiveCfg = Release|Any CPU
		{CD1E29FF-2DC7-4461-9402-F668B6A3C39A}.Release|Any CPU.Build.0 = Release|Any CPU
		{7AB45C4E-EA8E-421A-9D19-BF015DD19B53}.Debug|Any CPU.ActiveCfg = Debug|Any CPU
		{7AB45C4E-EA8E-421A-9D19-BF015DD19B53}.Debug|Any CPU.Build.0 = Debug|Any CPU
		{7AB45C4E-EA8E-421A-9D19-BF015DD19B53}.Release|Any CPU.ActiveCfg = Release|Any CPU
		{7AB45C4E-EA8E-421A-9D19-BF015DD19B53}.Release|Any CPU.Build.0 = Release|Any CPU
		{03A754B6-C33C-4881-B504-3B28FA4EDE4B}.Debug|Any CPU.ActiveCfg = Debug|Any CPU
		{03A754B6-C33C-4881-B504-3B28FA4EDE4B}.Debug|Any CPU.Build.0 = Debug|Any CPU
		{03A754B6-C33C-4881-B504-3B28FA4EDE4B}.Release|Any CPU.ActiveCfg = Release|Any CPU
		{03A754B6-C33C-4881-B504-3B28FA4EDE4B}.Release|Any CPU.Build.0 = Release|Any CPU
		{85F297F7-382F-4911-9301-4F25A80F4AF6}.Debug|Any CPU.ActiveCfg = Debug|Any CPU
		{85F297F7-382F-4911-9301-4F25A80F4AF6}.Debug|Any CPU.Build.0 = Debug|Any CPU
		{85F297F7-382F-4911-9301-4F25A80F4AF6}.Release|Any CPU.ActiveCfg = Release|Any CPU
		{85F297F7-382F-4911-9301-4F25A80F4AF6}.Release|Any CPU.Build.0 = Release|Any CPU
		{FFE8A4D1-4D09-4C8C-B5CC-B59DA723736A}.Debug|Any CPU.ActiveCfg = Debug|Any CPU
		{FFE8A4D1-4D09-4C8C-B5CC-B59DA723736A}.Debug|Any CPU.Build.0 = Debug|Any CPU
		{FFE8A4D1-4D09-4C8C-B5CC-B59DA723736A}.Release|Any CPU.ActiveCfg = Release|Any CPU
		{FFE8A4D1-4D09-4C8C-B5CC-B59DA723736A}.Release|Any CPU.Build.0 = Release|Any CPU
		{D2BDD7C1-BB11-4F54-978E-5E678E526DC2}.Debug|Any CPU.ActiveCfg = Debug|Any CPU
		{D2BDD7C1-BB11-4F54-978E-5E678E526DC2}.Debug|Any CPU.Build.0 = Debug|Any CPU
		{D2BDD7C1-BB11-4F54-978E-5E678E526DC2}.Release|Any CPU.ActiveCfg = Release|Any CPU
		{D2BDD7C1-BB11-4F54-978E-5E678E526DC2}.Release|Any CPU.Build.0 = Release|Any CPU
		{13532EBF-A2C6-4403-8487-D7A54ECFE0C6}.Debug|Any CPU.ActiveCfg = Debug|Any CPU
		{13532EBF-A2C6-4403-8487-D7A54ECFE0C6}.Debug|Any CPU.Build.0 = Debug|Any CPU
		{13532EBF-A2C6-4403-8487-D7A54ECFE0C6}.Release|Any CPU.ActiveCfg = Release|Any CPU
		{13532EBF-A2C6-4403-8487-D7A54ECFE0C6}.Release|Any CPU.Build.0 = Release|Any CPU
	EndGlobalSection
	GlobalSection(SolutionProperties) = preSolution
		HideSolutionNode = FALSE
	EndGlobalSection
	GlobalSection(ExtensibilityGlobals) = postSolution
		SolutionGuid = {EA3DCA79-F446-493D-977E-48B8C73DF23E}
	EndGlobalSection
EndGlobal
